
Microsoft Visual Studio Solution File, Format Version 12.00
# Visual Studio 15
VisualStudioVersion = 15.0.28010.2016
MinimumVisualStudioVersion = 10.0.40219.1
Project("{888888A0-9F3D-457C-B088-3A5042F75D52}") = "180903_PyQt", "180903_PyQt\180903_PyQt.pyproj", "{3491769D-6B61-445F-929D-C39CCF96FBD9}"
EndProject
Global
	GlobalSection(SolutionConfigurationPlatforms) = preSolution
		Debug|Any CPU = Debug|Any CPU
		Release|Any CPU = Release|Any CPU
	EndGlobalSection
	GlobalSection(ProjectConfigurationPlatforms) = postSolution
		{3491769D-6B61-445F-929D-C39CCF96FBD9}.Debug|Any CPU.ActiveCfg = Debug|Any CPU
		{3491769D-6B61-445F-929D-C39CCF96FBD9}.Release|Any CPU.ActiveCfg = Release|Any CPU
	EndGlobalSection
	GlobalSection(SolutionProperties) = preSolution
		HideSolutionNode = FALSE
	EndGlobalSection
	GlobalSection(ExtensibilityGlobals) = postSolution
		SolutionGuid = {5844346A-8A24-449C-8368-BC75200B33EE}
	EndGlobalSection
EndGlobal
